
Microsoft Visual Studio Solution File, Format Version 11.00
# Visual Studio 2010
Project("{FAE04EC0-301F-11D3-BF4B-00C04F79EFBC}") = "SeleniumWebTest", "SeleniumWebTest\SeleniumWebTest.csproj", "{ED9DDF46-BE76-4C84-9B21-1D24D48CA622}"
EndProject
Project("{2150E333-8FDC-42A3-9474-1A3956D46DE8}") = ".nuget", ".nuget", "{173DA8FC-5FD6-4688-9B9D-950F7C132EAE}"
	ProjectSection(SolutionItems) = preProject
		.nuget\NuGet.Config = .nuget\NuGet.Config
		.nuget\NuGet.exe = .nuget\NuGet.exe
		.nuget\NuGet.targets = .nuget\NuGet.targets
	EndProjectSection
EndProject
Global
	GlobalSection(SolutionConfigurationPlatforms) = preSolution
		Debug|Any CPU = Debug|Any CPU
		Release|Any CPU = Release|Any CPU
	EndGlobalSection
	GlobalSection(ProjectConfigurationPlatforms) = postSolution
		{ED9DDF46-BE76-4C84-9B21-1D24D48CA622}.Debug|Any CPU.ActiveCfg = Debug|Any CPU
		{ED9DDF46-BE76-4C84-9B21-1D24D48CA622}.Debug|Any CPU.Build.0 = Debug|Any CPU
		{ED9DDF46-BE76-4C84-9B21-1D24D48CA622}.Release|Any CPU.ActiveCfg = Release|Any CPU
		{ED9DDF46-BE76-4C84-9B21-1D24D48CA622}.Release|Any CPU.Build.0 = Release|Any CPU
	EndGlobalSection
	GlobalSection(SolutionProperties) = preSolution
		HideSolutionNode = FALSE
	EndGlobalSection
EndGlobal
